
Microsoft Visual Studio Solution File, Format Version 12.00
# Visual Studio Version 16
VisualStudioVersion = 16.0.31702.278
MinimumVisualStudioVersion = 10.0.40219.1
Project("{FAE04EC0-301F-11D3-BF4B-00C04F79EFBC}") = "Olympics", "Olympics\Olympics.csproj", "{D31AFE18-B3BF-4C75-B149-E548AD18FEDB}"
EndProject
Global
	GlobalSection(SolutionConfigurationPlatforms) = preSolution
		Debug|Any CPU = Debug|Any CPU
		Release|Any CPU = Release|Any CPU
	EndGlobalSection
	GlobalSection(ProjectConfigurationPlatforms) = postSolution
		{D31AFE18-B3BF-4C75-B149-E548AD18FEDB}.Debug|Any CPU.ActiveCfg = Debug|Any CPU
		{D31AFE18-B3BF-4C75-B149-E548AD18FEDB}.Debug|Any CPU.Build.0 = Debug|Any CPU
		{D31AFE18-B3BF-4C75-B149-E548AD18FEDB}.Release|Any CPU.ActiveCfg = Release|Any CPU
		{D31AFE18-B3BF-4C75-B149-E548AD18FEDB}.Release|Any CPU.Build.0 = Release|Any CPU
	EndGlobalSection
	GlobalSection(SolutionProperties) = preSolution
		HideSolutionNode = FALSE
	EndGlobalSection
	GlobalSection(ExtensibilityGlobals) = postSolution
		SolutionGuid = {604BAF89-4DCB-46ED-A318-94C6961EDFB3}
	EndGlobalSection
EndGlobal
